
Microsoft Visual Studio Solution File, Format Version 12.00
# Visual Studio Version 16
VisualStudioVersion = 16.0.29102.190
MinimumVisualStudioVersion = 10.0.40219.1
Project("{FAE04EC0-301F-11D3-BF4B-00C04F79EFBC}") = "496 下一个更大的元素", "496 下一个更大的元素\496 下一个更大的元素.csproj", "{535455F9-2F0A-411D-8F52-66AA4C82D6E7}"
EndProject
Global
	GlobalSection(SolutionConfigurationPlatforms) = preSolution
		Debug|Any CPU = Debug|Any CPU
		Release|Any CPU = Release|Any CPU
	EndGlobalSection
	GlobalSection(ProjectConfigurationPlatforms) = postSolution
		{535455F9-2F0A-411D-8F52-66AA4C82D6E7}.Debug|Any CPU.ActiveCfg = Debug|Any CPU
		{535455F9-2F0A-411D-8F52-66AA4C82D6E7}.Debug|Any CPU.Build.0 = Debug|Any CPU
		{535455F9-2F0A-411D-8F52-66AA4C82D6E7}.Release|Any CPU.ActiveCfg = Release|Any CPU
		{535455F9-2F0A-411D-8F52-66AA4C82D6E7}.Release|Any CPU.Build.0 = Release|Any CPU
	EndGlobalSection
	GlobalSection(SolutionProperties) = preSolution
		HideSolutionNode = FALSE
	EndGlobalSection
	GlobalSection(ExtensibilityGlobals) = postSolution
		SolutionGuid = {BED2208A-4F45-477C-B7DC-E2C742ACBB34}
	EndGlobalSection
EndGlobal
