
Microsoft Visual Studio Solution File, Format Version 12.00
# Visual Studio Version 16
VisualStudioVersion = 16.0.29025.244
MinimumVisualStudioVersion = 10.0.40219.1
Project("{FAE04EC0-301F-11D3-BF4B-00C04F79EFBC}") = "657机器人能否返回原点", "657机器人能否返回原点\657机器人能否返回原点.csproj", "{94614CDF-1442-4568-AECA-C7481C1D989C}"
EndProject
Global
	GlobalSection(SolutionConfigurationPlatforms) = preSolution
		Debug|Any CPU = Debug|Any CPU
		Release|Any CPU = Release|Any CPU
	EndGlobalSection
	GlobalSection(ProjectConfigurationPlatforms) = postSolution
		{94614CDF-1442-4568-AECA-C7481C1D989C}.Debug|Any CPU.ActiveCfg = Debug|Any CPU
		{94614CDF-1442-4568-AECA-C7481C1D989C}.Debug|Any CPU.Build.0 = Debug|Any CPU
		{94614CDF-1442-4568-AECA-C7481C1D989C}.Release|Any CPU.ActiveCfg = Release|Any CPU
		{94614CDF-1442-4568-AECA-C7481C1D989C}.Release|Any CPU.Build.0 = Release|Any CPU
	EndGlobalSection
	GlobalSection(SolutionProperties) = preSolution
		HideSolutionNode = FALSE
	EndGlobalSection
	GlobalSection(ExtensibilityGlobals) = postSolution
		SolutionGuid = {ACB5EB4B-8D86-42E7-85E7-3D60A66505D9}
	EndGlobalSection
EndGlobal
