
Microsoft Visual Studio Solution File, Format Version 12.00
# Visual Studio Version 16
VisualStudioVersion = 16.0.29025.244
MinimumVisualStudioVersion = 10.0.40219.1
Project("{FAE04EC0-301F-11D3-BF4B-00C04F79EFBC}") = "888公平的糖果交换", "888公平的糖果交换\888公平的糖果交换.csproj", "{F1E3023C-721E-43D7-B3D8-FFE190687629}"
EndProject
Global
	GlobalSection(SolutionConfigurationPlatforms) = preSolution
		Debug|Any CPU = Debug|Any CPU
		Release|Any CPU = Release|Any CPU
	EndGlobalSection
	GlobalSection(ProjectConfigurationPlatforms) = postSolution
		{F1E3023C-721E-43D7-B3D8-FFE190687629}.Debug|Any CPU.ActiveCfg = Debug|Any CPU
		{F1E3023C-721E-43D7-B3D8-FFE190687629}.Debug|Any CPU.Build.0 = Debug|Any CPU
		{F1E3023C-721E-43D7-B3D8-FFE190687629}.Release|Any CPU.ActiveCfg = Release|Any CPU
		{F1E3023C-721E-43D7-B3D8-FFE190687629}.Release|Any CPU.Build.0 = Release|Any CPU
	EndGlobalSection
	GlobalSection(SolutionProperties) = preSolution
		HideSolutionNode = FALSE
	EndGlobalSection
	GlobalSection(ExtensibilityGlobals) = postSolution
		SolutionGuid = {D670C7E5-883C-4141-ADE9-C9705AE89E68}
	EndGlobalSection
EndGlobal
