
Microsoft Visual Studio Solution File, Format Version 12.00
# Visual Studio Version 16
VisualStudioVersion = 16.0.29025.244
MinimumVisualStudioVersion = 10.0.40219.1
Project("{FAE04EC0-301F-11D3-BF4B-00C04F79EFBC}") = "78子集", "78子集\78子集.csproj", "{E328D01B-D526-40F4-9027-0E3E9B7D9F81}"
EndProject
Global
	GlobalSection(SolutionConfigurationPlatforms) = preSolution
		Debug|Any CPU = Debug|Any CPU
		Release|Any CPU = Release|Any CPU
	EndGlobalSection
	GlobalSection(ProjectConfigurationPlatforms) = postSolution
		{E328D01B-D526-40F4-9027-0E3E9B7D9F81}.Debug|Any CPU.ActiveCfg = Debug|Any CPU
		{E328D01B-D526-40F4-9027-0E3E9B7D9F81}.Debug|Any CPU.Build.0 = Debug|Any CPU
		{E328D01B-D526-40F4-9027-0E3E9B7D9F81}.Release|Any CPU.ActiveCfg = Release|Any CPU
		{E328D01B-D526-40F4-9027-0E3E9B7D9F81}.Release|Any CPU.Build.0 = Release|Any CPU
	EndGlobalSection
	GlobalSection(SolutionProperties) = preSolution
		HideSolutionNode = FALSE
	EndGlobalSection
	GlobalSection(ExtensibilityGlobals) = postSolution
		SolutionGuid = {C2E9D3BE-E51C-4741-AADD-CCD9D25AA9E5}
	EndGlobalSection
EndGlobal
