
Microsoft Visual Studio Solution File, Format Version 12.00
# Visual Studio Version 16
VisualStudioVersion = 16.0.29102.190
MinimumVisualStudioVersion = 10.0.40219.1
Project("{FAE04EC0-301F-11D3-BF4B-00C04F79EFBC}") = "485.最大连续1的个数", "485.最大连续1的个数\485.最大连续1的个数.csproj", "{FB0723AB-63DA-43C6-AB5F-616830B37FC0}"
EndProject
Global
	GlobalSection(SolutionConfigurationPlatforms) = preSolution
		Debug|Any CPU = Debug|Any CPU
		Release|Any CPU = Release|Any CPU
	EndGlobalSection
	GlobalSection(ProjectConfigurationPlatforms) = postSolution
		{FB0723AB-63DA-43C6-AB5F-616830B37FC0}.Debug|Any CPU.ActiveCfg = Debug|Any CPU
		{FB0723AB-63DA-43C6-AB5F-616830B37FC0}.Debug|Any CPU.Build.0 = Debug|Any CPU
		{FB0723AB-63DA-43C6-AB5F-616830B37FC0}.Release|Any CPU.ActiveCfg = Release|Any CPU
		{FB0723AB-63DA-43C6-AB5F-616830B37FC0}.Release|Any CPU.Build.0 = Release|Any CPU
	EndGlobalSection
	GlobalSection(SolutionProperties) = preSolution
		HideSolutionNode = FALSE
	EndGlobalSection
	GlobalSection(ExtensibilityGlobals) = postSolution
		SolutionGuid = {6215A625-A0CB-4A4E-9F0F-520E1F5C694A}
	EndGlobalSection
EndGlobal
